
Microsoft Visual Studio Solution File, Format Version 12.00
# Visual Studio Version 17
VisualStudioVersion = 17.9.34701.34
MinimumVisualStudioVersion = 10.0.40219.1
Project("{2150E333-8FDC-42A3-9474-1A3956D46DE8}") = "ChainOfResponsibilityDesignPattern", "ChainOfResponsibilityDesignPattern", "{9ED642DB-3857-4161-A807-A5E6A264E99B}"
EndProject
Project("{9A19103F-16F7-4668-BE54-9A1E7A4F7556}") = "DesignPattern.ChainOfResponsibility", "ChainOfResponsibilityDesignPattern\DesignPattern.ChainOfResponsibility\DesignPattern.ChainOfResponsibility.csproj", "{0AE328F3-9287-4EE4-9F45-5102EC9119F6}"
EndProject
Project("{2150E333-8FDC-42A3-9474-1A3956D46DE8}") = "CQRSDesignPattern", "CQRSDesignPattern", "{E642E545-EBA4-4045-95D5-0E1793808149}"
EndProject
Project("{9A19103F-16F7-4668-BE54-9A1E7A4F7556}") = "DesignPattern.CQRS", "CQRSDesignPattern\DesignPattern.CQRS\DesignPattern.CQRS.csproj", "{EEB4BD96-39F7-4081-A216-EAFC9C550B0B}"
EndProject
Project("{2150E333-8FDC-42A3-9474-1A3956D46DE8}") = "TemplateMethodDesignPattern", "TemplateMethodDesignPattern", "{18C48F60-8DDB-4108-A6A8-7AB3A0AA51B7}"
EndProject
Project("{9A19103F-16F7-4668-BE54-9A1E7A4F7556}") = "DesignPattern.TemplateMerhod", "TemplateMethodDesignPattern\DesignPattern.TemplateMerhod\DesignPattern.TemplateMerhod.csproj", "{6FC121DE-2A81-4E54-B494-D0AC11850758}"
EndProject
Project("{2150E333-8FDC-42A3-9474-1A3956D46DE8}") = "NewFolder1", "NewFolder1", "{1FABCEFF-7A53-4AEF-AD12-29FB95A69F9F}"
EndProject
Project("{2150E333-8FDC-42A3-9474-1A3956D46DE8}") = "ObserverDesignPattern", "ObserverDesignPattern", "{2ACFE7D3-0B32-4476-8476-1A5F689CBE00}"
EndProject
Project("{FAE04EC0-301F-11D3-BF4B-00C04F79EFBC}") = "DesignPattern.Observer", "ObserverDesignPattern\DesignPattern.Observer\DesignPattern.Observer.csproj", "{481D41C5-CAA3-4A3E-8C6E-001DCC92FE45}"
EndProject
Global
	GlobalSection(SolutionConfigurationPlatforms) = preSolution
		Debug|Any CPU = Debug|Any CPU
		Release|Any CPU = Release|Any CPU
	EndGlobalSection
	GlobalSection(ProjectConfigurationPlatforms) = postSolution
		{0AE328F3-9287-4EE4-9F45-5102EC9119F6}.Debug|Any CPU.ActiveCfg = Debug|Any CPU
		{0AE328F3-9287-4EE4-9F45-5102EC9119F6}.Debug|Any CPU.Build.0 = Debug|Any CPU
		{0AE328F3-9287-4EE4-9F45-5102EC9119F6}.Release|Any CPU.ActiveCfg = Release|Any CPU
		{0AE328F3-9287-4EE4-9F45-5102EC9119F6}.Release|Any CPU.Build.0 = Release|Any CPU
		{EEB4BD96-39F7-4081-A216-EAFC9C550B0B}.Debug|Any CPU.ActiveCfg = Debug|Any CPU
		{EEB4BD96-39F7-4081-A216-EAFC9C550B0B}.Debug|Any CPU.Build.0 = Debug|Any CPU
		{EEB4BD96-39F7-4081-A216-EAFC9C550B0B}.Release|Any CPU.ActiveCfg = Release|Any CPU
		{EEB4BD96-39F7-4081-A216-EAFC9C550B0B}.Release|Any CPU.Build.0 = Release|Any CPU
		{6FC121DE-2A81-4E54-B494-D0AC11850758}.Debug|Any CPU.ActiveCfg = Debug|Any CPU
		{6FC121DE-2A81-4E54-B494-D0AC11850758}.Debug|Any CPU.Build.0 = Debug|Any CPU
		{6FC121DE-2A81-4E54-B494-D0AC11850758}.Release|Any CPU.ActiveCfg = Release|Any CPU
		{6FC121DE-2A81-4E54-B494-D0AC11850758}.Release|Any CPU.Build.0 = Release|Any CPU
		{481D41C5-CAA3-4A3E-8C6E-001DCC92FE45}.Debug|Any CPU.ActiveCfg = Debug|Any CPU
		{481D41C5-CAA3-4A3E-8C6E-001DCC92FE45}.Debug|Any CPU.Build.0 = Debug|Any CPU
		{481D41C5-CAA3-4A3E-8C6E-001DCC92FE45}.Release|Any CPU.ActiveCfg = Release|Any CPU
		{481D41C5-CAA3-4A3E-8C6E-001DCC92FE45}.Release|Any CPU.Build.0 = Release|Any CPU
	EndGlobalSection
	GlobalSection(SolutionProperties) = preSolution
		HideSolutionNode = FALSE
	EndGlobalSection
	GlobalSection(NestedProjects) = preSolution
		{0AE328F3-9287-4EE4-9F45-5102EC9119F6} = {9ED642DB-3857-4161-A807-A5E6A264E99B}
		{EEB4BD96-39F7-4081-A216-EAFC9C550B0B} = {E642E545-EBA4-4045-95D5-0E1793808149}
		{6FC121DE-2A81-4E54-B494-D0AC11850758} = {18C48F60-8DDB-4108-A6A8-7AB3A0AA51B7}
		{1FABCEFF-7A53-4AEF-AD12-29FB95A69F9F} = {9ED642DB-3857-4161-A807-A5E6A264E99B}
		{481D41C5-CAA3-4A3E-8C6E-001DCC92FE45} = {2ACFE7D3-0B32-4476-8476-1A5F689CBE00}
	EndGlobalSection
	GlobalSection(ExtensibilityGlobals) = postSolution
		SolutionGuid = {277F63CC-CA85-4BFC-B656-7E52E0AD1577}
	EndGlobalSection
EndGlobal
